
Microsoft Visual Studio Solution File, Format Version 12.00
# Visual Studio 15
VisualStudioVersion = 15.0.27703.2042
MinimumVisualStudioVersion = 10.0.40219.1
Project("{FAE04EC0-301F-11D3-BF4B-00C04F79EFBC}") = "pw8", "pw8\pw8.csproj", "{AEBDB723-68AB-454C-B4A9-90493C53BF3B}"
EndProject
Global
	GlobalSection(SolutionConfigurationPlatforms) = preSolution
		Debug|Any CPU = Debug|Any CPU
		Release|Any CPU = Release|Any CPU
	EndGlobalSection
	GlobalSection(ProjectConfigurationPlatforms) = postSolution
		{AEBDB723-68AB-454C-B4A9-90493C53BF3B}.Debug|Any CPU.ActiveCfg = Debug|Any CPU
		{AEBDB723-68AB-454C-B4A9-90493C53BF3B}.Debug|Any CPU.Build.0 = Debug|Any CPU
		{AEBDB723-68AB-454C-B4A9-90493C53BF3B}.Release|Any CPU.ActiveCfg = Release|Any CPU
		{AEBDB723-68AB-454C-B4A9-90493C53BF3B}.Release|Any CPU.Build.0 = Release|Any CPU
	EndGlobalSection
	GlobalSection(SolutionProperties) = preSolution
		HideSolutionNode = FALSE
	EndGlobalSection
	GlobalSection(ExtensibilityGlobals) = postSolution
		SolutionGuid = {E18527C4-41A6-48AA-BAE3-3D21D788D37B}
	EndGlobalSection
EndGlobal
